
Microsoft Visual Studio Solution File, Format Version 12.00
# Visual Studio Version 16
VisualStudioVersion = 16.0.31129.286
MinimumVisualStudioVersion = 10.0.40219.1
Project("{FAE04EC0-301F-11D3-BF4B-00C04F79EFBC}") = "JSAlertTEsting", "JSAlertTEsting\JSAlertTEsting.csproj", "{51D8AA3A-2979-4C75-ADB5-8C9C842D1776}"
EndProject
Global
	GlobalSection(SolutionConfigurationPlatforms) = preSolution
		Debug|Any CPU = Debug|Any CPU
		Release|Any CPU = Release|Any CPU
	EndGlobalSection
	GlobalSection(ProjectConfigurationPlatforms) = postSolution
		{51D8AA3A-2979-4C75-ADB5-8C9C842D1776}.Debug|Any CPU.ActiveCfg = Debug|Any CPU
		{51D8AA3A-2979-4C75-ADB5-8C9C842D1776}.Debug|Any CPU.Build.0 = Debug|Any CPU
		{51D8AA3A-2979-4C75-ADB5-8C9C842D1776}.Release|Any CPU.ActiveCfg = Release|Any CPU
		{51D8AA3A-2979-4C75-ADB5-8C9C842D1776}.Release|Any CPU.Build.0 = Release|Any CPU
	EndGlobalSection
	GlobalSection(SolutionProperties) = preSolution
		HideSolutionNode = FALSE
	EndGlobalSection
	GlobalSection(ExtensibilityGlobals) = postSolution
		SolutionGuid = {94BE36C2-312A-4C4F-8BCD-1268B848662F}
	EndGlobalSection
EndGlobal
